
Microsoft Visual Studio Solution File, Format Version 12.00
# Visual Studio Version 16
VisualStudioVersion = 16.0.29509.3
MinimumVisualStudioVersion = 10.0.40219.1
Project("{FAE04EC0-301F-11D3-BF4B-00C04F79EFBC}") = "ScriptExamples", "ScriptExamples.csproj", "{91069A01-6692-4B10-A569-23935DDD9120}"
EndProject
Global
	GlobalSection(SolutionConfigurationPlatforms) = preSolution
		Debug|Any CPU = Debug|Any CPU
	EndGlobalSection
	GlobalSection(ProjectConfigurationPlatforms) = postSolution
		{91069A01-6692-4B10-A569-23935DDD9120}.Debug|Any CPU.ActiveCfg = Debug|Any CPU
		{91069A01-6692-4B10-A569-23935DDD9120}.Debug|Any CPU.Build.0 = Debug|Any CPU
	EndGlobalSection
	GlobalSection(SolutionProperties) = preSolution
		HideSolutionNode = FALSE
	EndGlobalSection
	GlobalSection(ExtensibilityGlobals) = postSolution
		SolutionGuid = {50FAB4CE-100C-4D05-9FEA-A722FBD71DB6}
	EndGlobalSection
EndGlobal
